
Microsoft Visual Studio Solution File, Format Version 11.00
# Visual C++ Express 2010
Project("{8BC9CEB8-8B4A-11D0-8D11-00A0C91BC942}") = "testing_ex", "testing_ex\testing_ex.vcxproj", "{85BDF5BC-ED72-4530-A125-3C44BF3D0888}"
EndProject
Global
	GlobalSection(SolutionConfigurationPlatforms) = preSolution
		Debug|Win32 = Debug|Win32
		Release|Win32 = Release|Win32
	EndGlobalSection
	GlobalSection(ProjectConfigurationPlatforms) = postSolution
		{85BDF5BC-ED72-4530-A125-3C44BF3D0888}.Debug|Win32.ActiveCfg = Debug|Win32
		{85BDF5BC-ED72-4530-A125-3C44BF3D0888}.Debug|Win32.Build.0 = Debug|Win32
		{85BDF5BC-ED72-4530-A125-3C44BF3D0888}.Release|Win32.ActiveCfg = Release|Win32
		{85BDF5BC-ED72-4530-A125-3C44BF3D0888}.Release|Win32.Build.0 = Release|Win32
	EndGlobalSection
	GlobalSection(SolutionProperties) = preSolution
		HideSolutionNode = FALSE
	EndGlobalSection
EndGlobal
